// !$*UTF8*$!
{
	archiveVersion = 1;
	classes = {
	};
	objectVersion = 46;
	objects = {

/* Begin PBXBuildFile section */
		199148DC1EFD173500EB9369 /* main.m in Sources */ = {isa = PBXBuildFile; fileRef = 199148DB1EFD173500EB9369 /* main.m */; };
		199148DF1EFD173500EB9369 /* AppDelegate.m in Sources */ = {isa = PBXBuildFile; fileRef = 199148DE1EFD173500EB9369 /* AppDelegate.m */; };
		199148E21EFD173500EB9369 /* ViewController.m in Sources */ = {isa = PBXBuildFile; fileRef = 199148E11EFD173500EB9369 /* ViewController.m */; };
		199148E51EFD173500EB9369 /* Main.storyboard in Resources */ = {isa = PBXBuildFile; fileRef = 199148E31EFD173500EB9369 /* Main.storyboard */; };
		199148E71EFD173500EB9369 /* Assets.xcassets in Resources */ = {isa = PBXBuildFile; fileRef = 199148E61EFD173500EB9369 /* Assets.xcassets */; };
		199148EA1EFD173500EB9369 /* LaunchScreen.storyboard in Resources */ = {isa = PBXBuildFile; fileRef = 199148E81EFD173500EB9369 /* LaunchScreen.storyboard */; };
		6BD9C0890A85B82171637E8B /* libPods-Example.a in Frameworks */ = {isa = PBXBuildFile; fileRef = 6450CEB51FAC65112E0F8EDF /* libPods-Example.a */; };
/* End PBXBuildFile section */

/* Begin PBXFileReference section */
		13AC6F434F48B1075659222D /* Pods-Example.debug.xcconfig */ = {isa = PBXFileReference; includeInIndex = 1; lastKnownFileType = text.xcconfig; name = "Pods-Example.debug.xcconfig"; path = "Pods/Target Support Files/Pods-Example/Pods-Example.debug.xcconfig"; sourceTree = "<group>"; };
		199148D71EFD173500EB9369 /* Example.app */ = {isa = PBXFileReference; explicitFileType = wrapper.application; includeInIndex = 0; path = Example.app; sourceTree = BUILT_PRODUCTS_DIR; };
		199148DB1EFD173500EB9369 /* main.m */ = {isa = PBXFileReference; lastKnownFileType = sourcecode.c.objc; path = main.m; sourceTree = "<group>"; };
		199148DD1EFD173500EB9369 /* AppDelegate.h */ = {isa = PBXFileReference; lastKnownFileType = sourcecode.c.h; path = AppDelegate.h; sourceTree = "<group>"; };
		199148DE1EFD173500EB9369 /* AppDelegate.m */ = {isa = PBXFileReference; lastKnownFileType = sourcecode.c.objc; path = AppDelegate.m; sourceTree = "<group>"; };
		199148E01EFD173500EB9369 /* ViewController.h */ = {isa = PBXFileReference; lastKnownFileType = sourcecode.c.h; path = ViewController.h; sourceTree = "<group>"; };
		199148E11EFD173500EB9369 /* ViewController.m */ = {isa = PBXFileReference; lastKnownFileType = sourcecode.c.objc; path = ViewController.m; sourceTree = "<group>"; };
		199148E41EFD173500EB9369 /* Base */ = {isa = PBXFileReference; lastKnownFileType = file.storyboard; name = Base; path = Base.lproj/Main.storyboard; sourceTree = "<group>"; };
		199148E61EFD173500EB9369 /* Assets.xcassets */ = {isa = PBXFileReference; lastKnownFileType = folder.assetcatalog; path = Assets.xcassets; sourceTree = "<group>"; };
		199148E91EFD173500EB9369 /* Base */ = {isa = PBXFileReference; lastKnownFileType = file.storyboard; name = Base; path = Base.lproj/LaunchScreen.storyboard; sourceTree = "<group>"; };
		199148EB1EFD173500EB9369 /* Info.plist */ = {isa = PBXFileReference; lastKnownFileType = text.plist.xml; path = Info.plist; sourceTree = "<group>"; };
		6450CEB51FAC65112E0F8EDF /* libPods-Example.a */ = {isa = PBXFileReference; explicitFileType = archive.ar; includeInIndex = 0; path = "libPods-Example.a"; sourceTree = BUILT_PRODUCTS_DIR; };
		72651F4ED406CE8508FF4D90 /* Pods-Example.release.xcconfig */ = {isa = PBXFileReference; includeInIndex = 1; lastKnownFileType = text.xcconfig; name = "Pods-Example.release.xcconfig"; path = "Pods/Target Support Files/Pods-Example/Pods-Example.release.xcconfig"; sourceTree = "<group>"; };
/* End PBXFileReference section */

/* Begin PBXFrameworksBuildPhase section */
		199148D41EFD173500EB9369 /* Frameworks */ = {
			isa = PBXFrameworksBuildPhase;
			buildActionMask = 2147483647;
			files = (
				6BD9C0890A85B82171637E8B /* libPods-Example.a in Frameworks */,
			);
			runOnlyForDeploymentPostprocessing = 0;
		};
/* End PBXFrameworksBuildPhase section */

/* Begin PBXGroup section */
		199148CE1EFD173500EB9369 = {
			isa = PBXGroup;
			children = (
				199148D91EFD173500EB9369 /* Example */,
				199148D81EFD173500EB9369 /* Products */,
				8B8C10E12850C058FDD15350 /* Pods */,
				AB8CECD2F136922CD957580E /* Frameworks */,
			);
			sourceTree = "<group>";
		};
		199148D81EFD173500EB9369 /* Products */ = {
			isa = PBXGroup;
			children = (
				199148D71EFD173500EB9369 /* Example.app */,
			);
			name = Products;
			sourceTree = "<group>";
		};
		199148D91EFD173500EB9369 /* Example */ = {
			isa = PBXGroup;
			children = (
				199148DD1EFD173500EB9369 /* AppDelegate.h */,
				199148DE1EFD173500EB9369 /* AppDelegate.m */,
				199148E01EFD173500EB9369 /* ViewController.h */,
				199148E11EFD173500EB9369 /* ViewController.m */,
				199148E31EFD173500EB9369 /* Main.storyboard */,
				199148E61EFD173500EB9369 /* Assets.xcassets */,
				199148E81EFD173500EB9369 /* LaunchScreen.storyboard */,
				199148EB1EFD173500EB9369 /* Info.plist */,
				199148DA1EFD173500EB9369 /* Supporting Files */,
			);
			path = Example;
			sourceTree = "<group>";
		};
		199148DA1EFD173500EB9369 /* Supporting Files */ = {
			isa = PBXGroup;
			children = (
				199148DB1EFD173500EB9369 /* main.m */,
			);
			name = "Supporting Files";
			sourceTree = "<group>";
		};
		8B8C10E12850C058FDD15350 /* Pods */ = {
			isa = PBXGroup;
			children = (
				13AC6F434F48B1075659222D /* Pods-Example.debug.xcconfig */,
				72651F4ED406CE8508FF4D90 /* Pods-Example.release.xcconfig */,
			);
			name = Pods;
			sourceTree = "<group>";
		};
		AB8CECD2F136922CD957580E /* Frameworks */ = {
			isa = PBXGroup;
			children = (
				6450CEB51FAC65112E0F8EDF /* libPods-Example.a */,
			);
			name = Frameworks;
			sourceTree = "<group>";
		};
/* End PBXGroup section */

/* Begin PBXNativeTarget section */
		199148D61EFD173500EB9369 /* Example */ = {
			isa = PBXNativeTarget;
			buildConfigurationList = 199148EE1EFD173500EB9369 /* Build configuration list for PBXNativeTarget "Example" */;
			buildPhases = (
				B4EDACDB46865D548E7A19EF /* [CP] Check Pods Manifest.lock */,
				199148D31EFD173500EB9369 /* Sources */,
				199148D41EFD173500EB9369 /* Frameworks */,
				199148D51EFD173500EB9369 /* Resources */,
				D1F1DB441FAE834DE3049398 /* [CP] Embed Pods Frameworks */,
				04012A1E1A0C214F13324769 /* [CP] Copy Pods Resources */,
			);
			buildRules = (
			);
			dependencies = (
			);
			name = Example;
			productName = Example;
			productReference = 199148D71EFD173500EB9369 /* Example.app */;
			productType = "com.apple.product-type.application";
		};
/* End PBXNativeTarget section */

/* Begin PBXProject section */
		199148CF1EFD173500EB9369 /* Project object */ = {
			isa = PBXProject;
			attributes = {
				LastUpgradeCheck = 0820;
				ORGANIZATIONNAME = z;
				TargetAttributes = {
					199148D61EFD173500EB9369 = {
						CreatedOnToolsVersion = 8.2.1;
						ProvisioningStyle = Automatic;
					};
				};
			};
			buildConfigurationList = 199148D21EFD173500EB9369 /* Build configuration list for PBXProject "Example" */;
			compatibilityVersion = "Xcode 3.2";
			developmentRegion = English;
			hasScannedForEncodings = 0;
			knownRegions = (
				en,
				Base,
			);
			mainGroup = 199148CE1EFD173500EB9369;
			productRefGroup = 199148D81EFD173500EB9369 /* Products */;
			projectDirPath = "";
			projectRoot = "";
			targets = (
				199148D61EFD173500EB9369 /* Example */,
			);
		};
/* End PBXProject section */

/* Begin PBXResourcesBuildPhase section */
		199148D51EFD173500EB9369 /* Resources */ = {
			isa = PBXResourcesBuildPhase;
			buildActionMask = 2147483647;
			files = (
				199148EA1EFD173500EB9369 /* LaunchScreen.storyboard in Resources */,
				199148E71EFD173500EB9369 /* Assets.xcassets in Resources */,
				199148E51EFD173500EB9369 /* Main.storyboard in Resources */,
			);
			runOnlyForDeploymentPostprocessing = 0;
		};
/* End PBXResourcesBuildPhase section */

/* Begin PBXShellScriptBuildPhase section */
		04012A1E1A0C214F13324769 /* [CP] Copy Pods Resources */ = {
			isa = PBXShellScriptBuildPhase;
			buildActionMask = 2147483647;
			files = (
			);
			inputPaths = (
			);
			name = "[CP] Copy Pods Resources";
			outputPaths = (
			);
			runOnlyForDeploymentPostprocessing = 0;
			shellPath = /bin/sh;
			shellScript = "\"${SRCROOT}/Pods/Target Support Files/Pods-Example/Pods-Example-resources.sh\"\n";
			showEnvVarsInLog = 0;
		};
		B4EDACDB46865D548E7A19EF /* [CP] Check Pods Manifest.lock */ = {
			isa = PBXShellScriptBuildPhase;
			buildActionMask = 2147483647;
			files = (
			);
			inputPaths = (
			);
			name = "[CP] Check Pods Manifest.lock";
			outputPaths = (
			);
			runOnlyForDeploymentPostprocessing = 0;
			shellPath = /bin/sh;
			shellScript = "diff \"${PODS_PODFILE_DIR_PATH}/Podfile.lock\" \"${PODS_ROOT}/Manifest.lock\" > /dev/null\nif [ $? != 0 ] ; then\n    # print error to STDERR\n    echo \"error: The sandbox is not in sync with the Podfile.lock. Run 'pod install' or update your CocoaPods installation.\" >&2\n    exit 1\nfi\n";
			showEnvVarsInLog = 0;
		};
		D1F1DB441FAE834DE3049398 /* [CP] Embed Pods Frameworks */ = {
			isa = PBXShellScriptBuildPhase;
			buildActionMask = 2147483647;
			files = (
			);
			inputPaths = (
			);
			name = "[CP] Embed Pods Frameworks";
			outputPaths = (
			);
			runOnlyForDeploymentPostprocessing = 0;
			shellPath = /bin/sh;
			shellScript = "\"${SRCROOT}/Pods/Target Support Files/Pods-Example/Pods-Example-frameworks.sh\"\n";
			showEnvVarsInLog = 0;
		};
/* End PBXShellScriptBuildPhase section */

/* Begin PBXSourcesBuildPhase section */
		199148D31EFD173500EB9369 /* Sources */ = {
			isa = PBXSourcesBuildPhase;
			buildActionMask = 2147483647;
			files = (
				199148E21EFD173500EB9369 /* ViewController.m in Sources */,
				199148DF1EFD173500EB9369 /* AppDelegate.m in Sources */,
				199148DC1EFD173500EB9369 /* main.m in Sources */,
			);
			runOnlyForDeploymentPostprocessing = 0;
		};
/* End PBXSourcesBuildPhase section */

/* Begin PBXVariantGroup section */
		199148E31EFD173500EB9369 /* Main.storyboard */ = {
			isa = PBXVariantGroup;
			children = (
				199148E41EFD173500EB9369 /* Base */,
			);
			name = Main.storyboard;
			sourceTree = "<group>";
		};
		199148E81EFD173500EB9369 /* LaunchScreen.storyboard */ = {
			isa = PBXVariantGroup;
			children = (
				199148E91EFD173500EB9369 /* Base */,
			);
			name = LaunchScreen.storyboard;
			sourceTree = "<group>";
		};
/* End PBXVariantGroup section */

/* Begin XCBuildConfiguration section */
		199148EC1EFD173500EB9369 /* Debug */ = {
			isa = XCBuildConfiguration;
			buildSettings = {
				ALWAYS_SEARCH_USER_PATHS = NO;
				CLANG_ANALYZER_NONNULL = YES;
				CLANG_CXX_LANGUAGE_STANDARD = "gnu++0x";
				CLANG_CXX_LIBRARY = "libc++";
				CLANG_ENABLE_MODULES = YES;
				CLANG_ENABLE_OBJC_ARC = YES;
				CLANG_WARN_BOOL_CONVERSION = YES;
				CLANG_WARN_CONSTANT_CONVERSION = YES;
				CLANG_WARN_DIRECT_OBJC_ISA_USAGE = YES_ERROR;
				CLANG_WARN_DOCUMENTATION_COMMENTS = YES;
				CLANG_WARN_EMPTY_BODY = YES;
				CLANG_WARN_ENUM_CONVERSION = YES;
				CLANG_WARN_INFINITE_RECURSION = YES;
				CLANG_WARN_INT_CONVERSION = YES;
				CLANG_WARN_OBJC_ROOT_CLASS = YES_ERROR;
				CLANG_WARN_SUSPICIOUS_MOVE = YES;
				CLANG_WARN_UNREACHABLE_CODE = YES;
				CLANG_WARN__DUPLICATE_METHOD_MATCH = YES;
				"CODE_SIGN_IDENTITY[sdk=iphoneos*]" = "iPhone Developer";
				COPY_PHASE_STRIP = NO;
				DEBUG_INFORMATION_FORMAT = dwarf;
				ENABLE_STRICT_OBJC_MSGSEND = YES;
				ENABLE_TESTABILITY = YES;
				GCC_C_LANGUAGE_STANDARD = gnu99;
				GCC_DYNAMIC_NO_PIC = NO;
				GCC_NO_COMMON_BLOCKS = YES;
				GCC_OPTIMIZATION_LEVEL = 0;
				GCC_PREPROCESSOR_DEFINITIONS = (
					"DEBUG=1",
					"$(inherited)",
				);
				GCC_WARN_64_TO_32_BIT_CONVERSION = YES;
				GCC_WARN_ABOUT_RETURN_TYPE = YES_ERROR;
				GCC_WARN_UNDECLARED_SELECTOR = YES;
				GCC_WARN_UNINITIALIZED_AUTOS = YES_AGGRESSIVE;
				GCC_WARN_UNUSED_FUNCTION = YES;
				GCC_WARN_UNUSED_VARIABLE = YES;
				IPHONEOS_DEPLOYMENT_TARGET = 10.2;
				MTL_ENABLE_DEBUG_INFO = YES;
				ONLY_ACTIVE_ARCH = YES;
				SDKROOT = iphoneos;
				TARGETED_DEVICE_FAMILY = "1,2";
			};
			name = Debug;
		};
		199148ED1EFD173500EB9369 /* Release */ = {
			isa = XCBuildConfiguration;
			buildSettings = {
				ALWAYS_SEARCH_USER_PATHS = NO;
				CLANG_ANALYZER_NONNULL = YES;
				CLANG_CXX_LANGUAGE_STANDARD = "gnu++0x";
				CLANG_CXX_LIBRARY = "libc++";
				CLANG_ENABLE_MODULES = YES;
				CLANG_ENABLE_OBJC_ARC = YES;
				CLANG_WARN_BOOL_CONVERSION = YES;
				CLANG_WARN_CONSTANT_CONVERSION = YES;
				CLANG_WARN_DIRECT_OBJC_ISA_USAGE = YES_ERROR;
				CLANG_WARN_DOCUMENTATION_COMMENTS = YES;
				CLANG_WARN_EMPTY_BODY = YES;
				CLANG_WARN_ENUM_CONVERSION = YES;
				CLANG_WARN_INFINITE_RECURSION = YES;
				CLANG_WARN_INT_CONVERSION = YES;
				CLANG_WARN_OBJC_ROOT_CLASS = YES_ERROR;
				CLANG_WARN_SUSPICIOUS_MOVE = YES;
				CLANG_WARN_UNREACHABLE_CODE = YES;
				CLANG_WARN__DUPLICATE_METHOD_MATCH = YES;
				"CODE_SIGN_IDENTITY[sdk=iphoneos*]" = "iPhone Developer";
				COPY_PHASE_STRIP = NO;
				DEBUG_INFORMATION_FORMAT = "dwarf-with-dsym";
				ENABLE_NS_ASSERTIONS = NO;
				ENABLE_STRICT_OBJC_MSGSEND = YES;
				GCC_C_LANGUAGE_STANDARD = gnu99;
				GCC_NO_COMMON_BLOCKS = YES;
				GCC_WARN_64_TO_32_BIT_CONVERSION = YES;
				GCC_WARN_ABOUT_RETURN_TYPE = YES_ERROR;
				GCC_WARN_UNDECLARED_SELECTOR = YES;
				GCC_WARN_UNINITIALIZED_AUTOS = YES_AGGRESSIVE;
				GCC_WARN_UNUSED_FUNCTION = YES;
				GCC_WARN_UNUSED_VARIABLE = YES;
				IPHONEOS_DEPLOYMENT_TARGET = 10.2;
				MTL_ENABLE_DEBUG_INFO = NO;
				SDKROOT = iphoneos;
				TARGETED_DEVICE_FAMILY = "1,2";
				VALIDATE_PRODUCT = YES;
			};
			name = Release;
		};
		199148EF1EFD173500EB9369 /* Debug */ = {
			isa = XCBuildConfiguration;
			baseConfigurationReference = 13AC6F434F48B1075659222D /* Pods-Example.debug.xcconfig */;
			buildSettings = {
				ASSETCATALOG_COMPILER_APPICON_NAME = AppIcon;
				INFOPLIST_FILE = Example/Info.plist;
				LD_RUNPATH_SEARCH_PATHS = "$(inherited) @executable_path/Frameworks";
				PRODUCT_BUNDLE_IDENTIFIER = com.ablackcrow.Example;
				PRODUCT_NAME = "$(TARGET_NAME)";
			};
			name = Debug;
		};
		199148F01EFD173500EB9369 /* Release */ = {
			isa = XCBuildConfiguration;
			baseConfigurationReference = 72651F4ED406CE8508FF4D90 /* Pods-Example.release.xcconfig */;
			buildSettings = {
				ASSETCATALOG_COMPILER_APPICON_NAME = AppIcon;
				INFOPLIST_FILE = Example/Info.plist;
				LD_RUNPATH_SEARCH_PATHS = "$(inherited) @executable_path/Frameworks";
				PRODUCT_BUNDLE_IDENTIFIER = com.ablackcrow.Example;
				PRODUCT_NAME = "$(TARGET_NAME)";
			};
			name = Release;
		};
/* End XCBuildConfiguration section */

/* Begin XCConfigurationList section */
		199148D21EFD173500EB9369 /* Build configuration list for PBXProject "Example" */ = {
			isa = XCConfigurationList;
			buildConfigurations = (
				199148EC1EFD173500EB9369 /* Debug */,
				199148ED1EFD173500EB9369 /* Release */,
			);
			defaultConfigurationIsVisible = 0;
			defaultConfigurationName = Release;
		};
		199148EE1EFD173500EB9369 /* Build configuration list for PBXNativeTarget "Example" */ = {
			isa = XCConfigurationList;
			buildConfigurations = (
				199148EF1EFD173500EB9369 /* Debug */,
				199148F01EFD173500EB9369 /* Release */,
			);
			defaultConfigurationIsVisible = 0;
		};
/* End XCConfigurationList section */
	};
	rootObject = 199148CF1EFD173500EB9369 /* Project object */;
}
